// !$*UTF8*$!
{
	archiveVersion = 1;
	classes = {
	};
	objectVersion = 77;
	objects = {

/* Begin PBXBuildFile section */
		ED6E36792EA6E0680017A6D2 /* HausaKeyboardExtension.appex in Embed Foundation Extensions */ = {isa = PBXBuildFile; fileRef = ED6E36722EA6E0650017A6D2 /* HausaKeyboardExtension.appex */; settings = {ATTRIBUTES = (RemoveHeadersOnCopy, ); }; };
/* End PBXBuildFile section */

/* Begin PBXContainerItemProxy section */
		ED6E36522EA6D59C0017A6D2 /* PBXContainerItemProxy */ = {
			isa = PBXContainerItemProxy;
			containerPortal = ED6E36392EA6D5970017A6D2 /* Project object */;
			proxyType = 1;
			remoteGlobalIDString = ED6E36402EA6D5970017A6D2;
			remoteInfo = HausaKeyboard;
		};
		ED6E365C2EA6D59C0017A6D2 /* PBXContainerItemProxy */ = {
			isa = PBXContainerItemProxy;
			containerPortal = ED6E36392EA6D5970017A6D2 /* Project object */;
			proxyType = 1;
			remoteGlobalIDString = ED6E36402EA6D5970017A6D2;
			remoteInfo = HausaKeyboard;
		};
		ED6E36772EA6E0680017A6D2 /* PBXContainerItemProxy */ = {
			isa = PBXContainerItemProxy;
			containerPortal = ED6E36392EA6D5970017A6D2 /* Project object */;
			proxyType = 1;
			remoteGlobalIDString = ED6E36712EA6E0650017A6D2;
			remoteInfo = HausaKeyboardExtension;
		};
/* End PBXContainerItemProxy section */

/* Begin PBXCopyFilesBuildPhase section */
		ED6E367E2EA6E0680017A6D2 /* Embed Foundation Extensions */ = {
			isa = PBXCopyFilesBuildPhase;
			buildActionMask = 2147483647;
			dstPath = "";
			dstSubfolderSpec = 13;
			files = (
				ED6E36792EA6E0680017A6D2 /* HausaKeyboardExtension.appex in Embed Foundation Extensions */,
			);
			name = "Embed Foundation Extensions";
			runOnlyForDeploymentPostprocessing = 0;
		};
/* End PBXCopyFilesBuildPhase section */

/* Begin PBXFileReference section */
		ED6E36412EA6D5970017A6D2 /* HausaKeyboard.app */ = {isa = PBXFileReference; explicitFileType = wrapper.application; includeInIndex = 0; path = HausaKeyboard.app; sourceTree = BUILT_PRODUCTS_DIR; };
		ED6E36512EA6D59C0017A6D2 /* HausaKeyboardTests.xctest */ = {isa = PBXFileReference; explicitFileType = wrapper.cfbundle; includeInIndex = 0; path = HausaKeyboardTests.xctest; sourceTree = BUILT_PRODUCTS_DIR; };
		ED6E365B2EA6D59C0017A6D2 /* HausaKeyboardUITests.xctest */ = {isa = PBXFileReference; explicitFileType = wrapper.cfbundle; includeInIndex = 0; path = HausaKeyboardUITests.xctest; sourceTree = BUILT_PRODUCTS_DIR; };
		ED6E36722EA6E0650017A6D2 /* HausaKeyboardExtension.appex */ = {isa = PBXFileReference; explicitFileType = "wrapper.app-extension"; includeInIndex = 0; path = HausaKeyboardExtension.appex; sourceTree = BUILT_PRODUCTS_DIR; };
/* End PBXFileReference section */

/* Begin PBXFileSystemSynchronizedBuildFileExceptionSet section */
		ED6E367A2EA6E0680017A6D2 /* Exceptions for "HausaKeyboardExtension" folder in "HausaKeyboardExtension" target */ = {
			isa = PBXFileSystemSynchronizedBuildFileExceptionSet;
			membershipExceptions = (
				Info.plist,
			);
			target = ED6E36712EA6E0650017A6D2 /* HausaKeyboardExtension */;
		};
/* End PBXFileSystemSynchronizedBuildFileExceptionSet section */

/* Begin PBXFileSystemSynchronizedRootGroup section */
		ED6E36432EA6D5970017A6D2 /* HausaKeyboard */ = {
			isa = PBXFileSystemSynchronizedRootGroup;
			path = HausaKeyboard;
			sourceTree = "<group>";
		};
		ED6E36542EA6D59C0017A6D2 /* HausaKeyboardTests */ = {
			isa = PBXFileSystemSynchronizedRootGroup;
			path = HausaKeyboardTests;
			sourceTree = "<group>";
		};
		ED6E365E2EA6D59C0017A6D2 /* HausaKeyboardUITests */ = {
			isa = PBXFileSystemSynchronizedRootGroup;
			path = HausaKeyboardUITests;
			sourceTree = "<group>";
		};
		ED6E36732EA6E0660017A6D2 /* HausaKeyboardExtension */ = {
			isa = PBXFileSystemSynchronizedRootGroup;
			exceptions = (
				ED6E367A2EA6E0680017A6D2 /* Exceptions for "HausaKeyboardExtension" folder in "HausaKeyboardExtension" target */,
			);
			path = HausaKeyboardExtension;
			sourceTree = "<group>";
		};
/* End PBXFileSystemSynchronizedRootGroup section */

/* Begin PBXFrameworksBuildPhase section */
		ED6E363E2EA6D5970017A6D2 /* Frameworks */ = {
			isa = PBXFrameworksBuildPhase;
			buildActionMask = 2147483647;
			files = (
			);
			runOnlyForDeploymentPostprocessing = 0;
		};
		ED6E364E2EA6D59C0017A6D2 /* Frameworks */ = {
			isa = PBXFrameworksBuildPhase;
			buildActionMask = 2147483647;
			files = (
			);
			runOnlyForDeploymentPostprocessing = 0;
		};
		ED6E36582EA6D59C0017A6D2 /* Frameworks */ = {
			isa = PBXFrameworksBuildPhase;
			buildActionMask = 2147483647;
			files = (
			);
			runOnlyForDeploymentPostprocessing = 0;
		};
		ED6E366F2EA6E0650017A6D2 /* Frameworks */ = {
			isa = PBXFrameworksBuildPhase;
			buildActionMask = 2147483647;
			files = (
			);
			runOnlyForDeploymentPostprocessing = 0;
		};
/* End PBXFrameworksBuildPhase section */

/* Begin PBXGroup section */
		ED6E36382EA6D5970017A6D2 = {
			isa = PBXGroup;
			children = (
				ED6E36432EA6D5970017A6D2 /* HausaKeyboard */,
				ED6E36542EA6D59C0017A6D2 /* HausaKeyboardTests */,
				ED6E365E2EA6D59C0017A6D2 /* HausaKeyboardUITests */,
				ED6E36732EA6E0660017A6D2 /* HausaKeyboardExtension */,
				ED6E36422EA6D5970017A6D2 /* Products */,
			);
			sourceTree = "<group>";
		};
		ED6E36422EA6D5970017A6D2 /* Products */ = {
			isa = PBXGroup;
			children = (
				ED6E36412EA6D5970017A6D2 /* HausaKeyboard.app */,
				ED6E36512EA6D59C0017A6D2 /* HausaKeyboardTests.xctest */,
				ED6E365B2EA6D59C0017A6D2 /* HausaKeyboardUITests.xctest */,
				ED6E36722EA6E0650017A6D2 /* HausaKeyboardExtension.appex */,
			);
			name = Products;
			sourceTree = "<group>";
		};
/* End PBXGroup section */

/* Begin PBXNativeTarget section */
		ED6E36402EA6D5970017A6D2 /* HausaKeyboard */ = {
			isa = PBXNativeTarget;
			buildConfigurationList = ED6E36652EA6D59C0017A6D2 /* Build configuration list for PBXNativeTarget "HausaKeyboard" */;
			buildPhases = (
				ED6E363D2EA6D5970017A6D2 /* Sources */,
				ED6E363E2EA6D5970017A6D2 /* Frameworks */,
				ED6E363F2EA6D5970017A6D2 /* Resources */,
				ED6E367E2EA6E0680017A6D2 /* Embed Foundation Extensions */,
			);
			buildRules = (
			);
			dependencies = (
				ED6E36782EA6E0680017A6D2 /* PBXTargetDependency */,
			);
			fileSystemSynchronizedGroups = (
				ED6E36432EA6D5970017A6D2 /* HausaKeyboard */,
			);
			name = HausaKeyboard;
			packageProductDependencies = (
			);
			productName = HausaKeyboard;
			productReference = ED6E36412EA6D5970017A6D2 /* HausaKeyboard.app */;
			productType = "com.apple.product-type.application";
		};
		ED6E36502EA6D59C0017A6D2 /* HausaKeyboardTests */ = {
			isa = PBXNativeTarget;
			buildConfigurationList = ED6E36682EA6D59C0017A6D2 /* Build configuration list for PBXNativeTarget "HausaKeyboardTests" */;
			buildPhases = (
				ED6E364D2EA6D59C0017A6D2 /* Sources */,
				ED6E364E2EA6D59C0017A6D2 /* Frameworks */,
				ED6E364F2EA6D59C0017A6D2 /* Resources */,
			);
			buildRules = (
			);
			dependencies = (
				ED6E36532EA6D59C0017A6D2 /* PBXTargetDependency */,
			);
			fileSystemSynchronizedGroups = (
				ED6E36542EA6D59C0017A6D2 /* HausaKeyboardTests */,
			);
			name = HausaKeyboardTests;
			packageProductDependencies = (
			);
			productName = HausaKeyboardTests;
			productReference = ED6E36512EA6D59C0017A6D2 /* HausaKeyboardTests.xctest */;
			productType = "com.apple.product-type.bundle.unit-test";
		};
		ED6E365A2EA6D59C0017A6D2 /* HausaKeyboardUITests */ = {
			isa = PBXNativeTarget;
			buildConfigurationList = ED6E366B2EA6D59C0017A6D2 /* Build configuration list for PBXNativeTarget "HausaKeyboardUITests" */;
			buildPhases = (
				ED6E36572EA6D59C0017A6D2 /* Sources */,
				ED6E36582EA6D59C0017A6D2 /* Frameworks */,
				ED6E36592EA6D59C0017A6D2 /* Resources */,
			);
			buildRules = (
			);
			dependencies = (
				ED6E365D2EA6D59C0017A6D2 /* PBXTargetDependency */,
			);
			fileSystemSynchronizedGroups = (
				ED6E365E2EA6D59C0017A6D2 /* HausaKeyboardUITests */,
			);
			name = HausaKeyboardUITests;
			packageProductDependencies = (
			);
			productName = HausaKeyboardUITests;
			productReference = ED6E365B2EA6D59C0017A6D2 /* HausaKeyboardUITests.xctest */;
			productType = "com.apple.product-type.bundle.ui-testing";
		};
		ED6E36712EA6E0650017A6D2 /* HausaKeyboardExtension */ = {
			isa = PBXNativeTarget;
			buildConfigurationList = ED6E367B2EA6E0680017A6D2 /* Build configuration list for PBXNativeTarget "HausaKeyboardExtension" */;
			buildPhases = (
				ED6E366E2EA6E0650017A6D2 /* Sources */,
				ED6E366F2EA6E0650017A6D2 /* Frameworks */,
				ED6E36702EA6E0650017A6D2 /* Resources */,
			);
			buildRules = (
			);
			dependencies = (
			);
			fileSystemSynchronizedGroups = (
				ED6E36732EA6E0660017A6D2 /* HausaKeyboardExtension */,
			);
			name = HausaKeyboardExtension;
			packageProductDependencies = (
			);
			productName = HausaKeyboardExtension;
			productReference = ED6E36722EA6E0650017A6D2 /* HausaKeyboardExtension.appex */;
			productType = "com.apple.product-type.app-extension";
		};
/* End PBXNativeTarget section */

/* Begin PBXProject section */
		ED6E36392EA6D5970017A6D2 /* Project object */ = {
			isa = PBXProject;
			attributes = {
				BuildIndependentTargetsInParallel = 1;
				LastSwiftUpdateCheck = 1620;
				LastUpgradeCheck = 1620;
				TargetAttributes = {
					ED6E36402EA6D5970017A6D2 = {
						CreatedOnToolsVersion = 16.2;
					};
					ED6E36502EA6D59C0017A6D2 = {
						CreatedOnToolsVersion = 16.2;
						TestTargetID = ED6E36402EA6D5970017A6D2;
					};
					ED6E365A2EA6D59C0017A6D2 = {
						CreatedOnToolsVersion = 16.2;
						TestTargetID = ED6E36402EA6D5970017A6D2;
					};
					ED6E36712EA6E0650017A6D2 = {
						CreatedOnToolsVersion = 16.2;
					};
				};
			};
			buildConfigurationList = ED6E363C2EA6D5970017A6D2 /* Build configuration list for PBXProject "HausaKeyboard" */;
			developmentRegion = en;
			hasScannedForEncodings = 0;
			knownRegions = (
				en,
				Base,
			);
			mainGroup = ED6E36382EA6D5970017A6D2;
			minimizedProjectReferenceProxies = 1;
			preferredProjectObjectVersion = 77;
			productRefGroup = ED6E36422EA6D5970017A6D2 /* Products */;
			projectDirPath = "";
			projectRoot = "";
			targets = (
				ED6E36402EA6D5970017A6D2 /* HausaKeyboard */,
				ED6E36502EA6D59C0017A6D2 /* HausaKeyboardTests */,
				ED6E365A2EA6D59C0017A6D2 /* HausaKeyboardUITests */,
				ED6E36712EA6E0650017A6D2 /* HausaKeyboardExtension */,
			);
		};
/* End PBXProject section */

/* Begin PBXResourcesBuildPhase section */
		ED6E363F2EA6D5970017A6D2 /* Resources */ = {
			isa = PBXResourcesBuildPhase;
			buildActionMask = 2147483647;
			files = (
			);
			runOnlyForDeploymentPostprocessing = 0;
		};
		ED6E364F2EA6D59C0017A6D2 /* Resources */ = {
			isa = PBXResourcesBuildPhase;
			buildActionMask = 2147483647;
			files = (
			);
			runOnlyForDeploymentPostprocessing = 0;
		};
		ED6E36592EA6D59C0017A6D2 /* Resources */ = {
			isa = PBXResourcesBuildPhase;
			buildActionMask = 2147483647;
			files = (
			);
			runOnlyForDeploymentPostprocessing = 0;
		};
		ED6E36702EA6E0650017A6D2 /* Resources */ = {
			isa = PBXResourcesBuildPhase;
			buildActionMask = 2147483647;
			files = (
			);
			runOnlyForDeploymentPostprocessing = 0;
		};
/* End PBXResourcesBuildPhase section */

/* Begin PBXSourcesBuildPhase section */
		ED6E363D2EA6D5970017A6D2 /* Sources */ = {
			isa = PBXSourcesBuildPhase;
			buildActionMask = 2147483647;
			files = (
			);
			runOnlyForDeploymentPostprocessing = 0;
		};
		ED6E364D2EA6D59C0017A6D2 /* Sources */ = {
			isa = PBXSourcesBuildPhase;
			buildActionMask = 2147483647;
			files = (
			);
			runOnlyForDeploymentPostprocessing = 0;
		};
		ED6E36572EA6D59C0017A6D2 /* Sources */ = {
			isa = PBXSourcesBuildPhase;
			buildActionMask = 2147483647;
			files = (
			);
			runOnlyForDeploymentPostprocessing = 0;
		};
		ED6E366E2EA6E0650017A6D2 /* Sources */ = {
			isa = PBXSourcesBuildPhase;
			buildActionMask = 2147483647;
			files = (
			);
			runOnlyForDeploymentPostprocessing = 0;
		};
/* End PBXSourcesBuildPhase section */

/* Begin PBXTargetDependency section */
		ED6E36532EA6D59C0017A6D2 /* PBXTargetDependency */ = {
			isa = PBXTargetDependency;
			target = ED6E36402EA6D5970017A6D2 /* HausaKeyboard */;
			targetProxy = ED6E36522EA6D59C0017A6D2 /* PBXContainerItemProxy */;
		};
		ED6E365D2EA6D59C0017A6D2 /* PBXTargetDependency */ = {
			isa = PBXTargetDependency;
			target = ED6E36402EA6D5970017A6D2 /* HausaKeyboard */;
			targetProxy = ED6E365C2EA6D59C0017A6D2 /* PBXContainerItemProxy */;
		};
		ED6E36782EA6E0680017A6D2 /* PBXTargetDependency */ = {
			isa = PBXTargetDependency;
			target = ED6E36712EA6E0650017A6D2 /* HausaKeyboardExtension */;
			targetProxy = ED6E36772EA6E0680017A6D2 /* PBXContainerItemProxy */;
		};
/* End PBXTargetDependency section */

/* Begin XCBuildConfiguration section */
		ED6E36632EA6D59C0017A6D2 /* Debug */ = {
			isa = XCBuildConfiguration;
			buildSettings = {
				ALWAYS_SEARCH_USER_PATHS = NO;
				ASSETCATALOG_COMPILER_GENERATE_SWIFT_ASSET_SYMBOL_EXTENSIONS = YES;
				CLANG_ANALYZER_NONNULL = YES;
				CLANG_ANALYZER_NUMBER_OBJECT_CONVERSION = YES_AGGRESSIVE;
				CLANG_CXX_LANGUAGE_STANDARD = "gnu++20";
				CLANG_ENABLE_MODULES = YES;
				CLANG_ENABLE_OBJC_ARC = YES;
				CLANG_ENABLE_OBJC_WEAK = YES;
				CLANG_WARN_BLOCK_CAPTURE_AUTORELEASING = YES;
				CLANG_WARN_BOOL_CONVERSION = YES;
				CLANG_WARN_COMMA = YES;
				CLANG_WARN_CONSTANT_CONVERSION = YES;
				CLANG_WARN_DEPRECATED_OBJC_IMPLEMENTATIONS = YES;
				CLANG_WARN_DIRECT_OBJC_ISA_USAGE = YES_ERROR;
				CLANG_WARN_DOCUMENTATION_COMMENTS = YES;
				CLANG_WARN_EMPTY_BODY = YES;
				CLANG_WARN_ENUM_CONVERSION = YES;
				CLANG_WARN_INFINITE_RECURSION = YES;
				CLANG_WARN_INT_CONVERSION = YES;
				CLANG_WARN_NON_LITERAL_NULL_CONVERSION = YES;
				CLANG_WARN_OBJC_IMPLICIT_RETAIN_SELF = YES;
				CLANG_WARN_OBJC_LITERAL_CONVERSION = YES;
				CLANG_WARN_OBJC_ROOT_CLASS = YES_ERROR;
				CLANG_WARN_QUOTED_INCLUDE_IN_FRAMEWORK_HEADER = YES;
				CLANG_WARN_RANGE_LOOP_ANALYSIS = YES;
				CLANG_WARN_STRICT_PROTOTYPES = YES;
				CLANG_WARN_SUSPICIOUS_MOVE = YES;
				CLANG_WARN_UNGUARDED_AVAILABILITY = YES_AGGRESSIVE;
				CLANG_WARN_UNREACHABLE_CODE = YES;
				CLANG_WARN__DUPLICATE_METHOD_MATCH = YES;
				COPY_PHASE_STRIP = NO;
				DEBUG_INFORMATION_FORMAT = dwarf;
				ENABLE_STRICT_OBJC_MSGSEND = YES;
				ENABLE_TESTABILITY = YES;
				ENABLE_USER_SCRIPT_SANDBOXING = YES;
				GCC_C_LANGUAGE_STANDARD = gnu17;
				GCC_DYNAMIC_NO_PIC = NO;
				GCC_NO_COMMON_BLOCKS = YES;
				GCC_OPTIMIZATION_LEVEL = 0;
				GCC_PREPROCESSOR_DEFINITIONS = (
					"DEBUG=1",
					"$(inherited)",
				);
				GCC_WARN_64_TO_32_BIT_CONVERSION = YES;
				GCC_WARN_ABOUT_RETURN_TYPE = YES_ERROR;
				GCC_WARN_UNDECLARED_SELECTOR = YES;
				GCC_WARN_UNINITIALIZED_AUTOS = YES_AGGRESSIVE;
				GCC_WARN_UNUSED_FUNCTION = YES;
				GCC_WARN_UNUSED_VARIABLE = YES;
				IPHONEOS_DEPLOYMENT_TARGET = 18.2;
				LOCALIZATION_PREFERS_STRING_CATALOGS = YES;
				MTL_ENABLE_DEBUG_INFO = INCLUDE_SOURCE;
				MTL_FAST_MATH = YES;
				ONLY_ACTIVE_ARCH = YES;
				SDKROOT = iphoneos;
				SWIFT_ACTIVE_COMPILATION_CONDITIONS = "DEBUG $(inherited)";
				SWIFT_OPTIMIZATION_LEVEL = "-Onone";
			};
			name = Debug;
		};
		ED6E36642EA6D59C0017A6D2 /* Release */ = {
			isa = XCBuildConfiguration;
			buildSettings = {
				ALWAYS_SEARCH_USER_PATHS = NO;
				ASSETCATALOG_COMPILER_GENERATE_SWIFT_ASSET_SYMBOL_EXTENSIONS = YES;
				CLANG_ANALYZER_NONNULL = YES;
				CLANG_ANALYZER_NUMBER_OBJECT_CONVERSION = YES_AGGRESSIVE;
				CLANG_CXX_LANGUAGE_STANDARD = "gnu++20";
				CLANG_ENABLE_MODULES = YES;
				CLANG_ENABLE_OBJC_ARC = YES;
				CLANG_ENABLE_OBJC_WEAK = YES;
				CLANG_WARN_BLOCK_CAPTURE_AUTORELEASING = YES;
				CLANG_WARN_BOOL_CONVERSION = YES;
				CLANG_WARN_COMMA = YES;
				CLANG_WARN_CONSTANT_CONVERSION = YES;
				CLANG_WARN_DEPRECATED_OBJC_IMPLEMENTATIONS = YES;
				CLANG_WARN_DIRECT_OBJC_ISA_USAGE = YES_ERROR;
				CLANG_WARN_DOCUMENTATION_COMMENTS = YES;
				CLANG_WARN_EMPTY_BODY = YES;
				CLANG_WARN_ENUM_CONVERSION = YES;
				CLANG_WARN_INFINITE_RECURSION = YES;
				CLANG_WARN_INT_CONVERSION = YES;
				CLANG_WARN_NON_LITERAL_NULL_CONVERSION = YES;
				CLANG_WARN_OBJC_IMPLICIT_RETAIN_SELF = YES;
				CLANG_WARN_OBJC_LITERAL_CONVERSION = YES;
				CLANG_WARN_OBJC_ROOT_CLASS = YES_ERROR;
				CLANG_WARN_QUOTED_INCLUDE_IN_FRAMEWORK_HEADER = YES;
				CLANG_WARN_RANGE_LOOP_ANALYSIS = YES;
				CLANG_WARN_STRICT_PROTOTYPES = YES;
				CLANG_WARN_SUSPICIOUS_MOVE = YES;
				CLANG_WARN_UNGUARDED_AVAILABILITY = YES_AGGRESSIVE;
				CLANG_WARN_UNREACHABLE_CODE = YES;
				CLANG_WARN__DUPLICATE_METHOD_MATCH = YES;
				COPY_PHASE_STRIP = NO;
				DEBUG_INFORMATION_FORMAT = "dwarf-with-dsym";
				ENABLE_NS_ASSERTIONS = NO;
				ENABLE_STRICT_OBJC_MSGSEND = YES;
				ENABLE_USER_SCRIPT_SANDBOXING = YES;
				GCC_C_LANGUAGE_STANDARD = gnu17;
				GCC_NO_COMMON_BLOCKS = YES;
				GCC_WARN_64_TO_32_BIT_CONVERSION = YES;
				GCC_WARN_ABOUT_RETURN_TYPE = YES_ERROR;
				GCC_WARN_UNDECLARED_SELECTOR = YES;
				GCC_WARN_UNINITIALIZED_AUTOS = YES_AGGRESSIVE;
				GCC_WARN_UNUSED_FUNCTION = YES;
				GCC_WARN_UNUSED_VARIABLE = YES;
				IPHONEOS_DEPLOYMENT_TARGET = 18.2;
				LOCALIZATION_PREFERS_STRING_CATALOGS = YES;
				MTL_ENABLE_DEBUG_INFO = NO;
				MTL_FAST_MATH = YES;
				SDKROOT = iphoneos;
				SWIFT_COMPILATION_MODE = wholemodule;
				VALIDATE_PRODUCT = YES;
			};
			name = Release;
		};
		ED6E36662EA6D59C0017A6D2 /* Debug */ = {
			isa = XCBuildConfiguration;
			buildSettings = {
				ASSETCATALOG_COMPILER_APPICON_NAME = AppIcon;
				ASSETCATALOG_COMPILER_GLOBAL_ACCENT_COLOR_NAME = AccentColor;
				CODE_SIGN_STYLE = Automatic;
				CURRENT_PROJECT_VERSION = 1;
				DEVELOPMENT_ASSET_PATHS = "\"HausaKeyboard/Preview Content\"";
				DEVELOPMENT_TEAM = C9SB8J96X8;
				ENABLE_PREVIEWS = YES;
				GENERATE_INFOPLIST_FILE = YES;
				INFOPLIST_KEY_UIApplicationSceneManifest_Generation = YES;
				INFOPLIST_KEY_UIApplicationSupportsIndirectInputEvents = YES;
				INFOPLIST_KEY_UILaunchScreen_Generation = YES;
				INFOPLIST_KEY_UISupportedInterfaceOrientations_iPad = "UIInterfaceOrientationPortrait UIInterfaceOrientationPortraitUpsideDown UIInterfaceOrientationLandscapeLeft UIInterfaceOrientationLandscapeRight";
				INFOPLIST_KEY_UISupportedInterfaceOrientations_iPhone = "UIInterfaceOrientationPortrait UIInterfaceOrientationLandscapeLeft UIInterfaceOrientationLandscapeRight";
				LD_RUNPATH_SEARCH_PATHS = (
					"$(inherited)",
					"@executable_path/Frameworks",
				);
				MARKETING_VERSION = 1.0;
				PRODUCT_BUNDLE_IDENTIFIER = com.DuniyarHausawa.HausaKeyboard;
				PRODUCT_NAME = "$(TARGET_NAME)";
				SWIFT_EMIT_LOC_STRINGS = YES;
				SWIFT_VERSION = 5.0;
				TARGETED_DEVICE_FAMILY = "1,2";
			};
			name = Debug;
		};
		ED6E36672EA6D59C0017A6D2 /* Release */ = {
			isa = XCBuildConfiguration;
			buildSettings = {
				ASSETCATALOG_COMPILER_APPICON_NAME = AppIcon;
				ASSETCATALOG_COMPILER_GLOBAL_ACCENT_COLOR_NAME = AccentColor;
				CODE_SIGN_STYLE = Automatic;
				CURRENT_PROJECT_VERSION = 1;
				DEVELOPMENT_ASSET_PATHS = "\"HausaKeyboard/Preview Content\"";
				DEVELOPMENT_TEAM = C9SB8J96X8;
				ENABLE_PREVIEWS = YES;
				GENERATE_INFOPLIST_FILE = YES;
				INFOPLIST_KEY_UIApplicationSceneManifest_Generation = YES;
				INFOPLIST_KEY_UIApplicationSupportsIndirectInputEvents = YES;
				INFOPLIST_KEY_UILaunchScreen_Generation = YES;
				INFOPLIST_KEY_UISupportedInterfaceOrientations_iPad = "UIInterfaceOrientationPortrait UIInterfaceOrientationPortraitUpsideDown UIInterfaceOrientationLandscapeLeft UIInterfaceOrientationLandscapeRight";
				INFOPLIST_KEY_UISupportedInterfaceOrientations_iPhone = "UIInterfaceOrientationPortrait UIInterfaceOrientationLandscapeLeft UIInterfaceOrientationLandscapeRight";
				LD_RUNPATH_SEARCH_PATHS = (
					"$(inherited)",
					"@executable_path/Frameworks",
				);
				MARKETING_VERSION = 1.0;
				PRODUCT_BUNDLE_IDENTIFIER = com.DuniyarHausawa.HausaKeyboard;
				PRODUCT_NAME = "$(TARGET_NAME)";
				SWIFT_EMIT_LOC_STRINGS = YES;
				SWIFT_VERSION = 5.0;
				TARGETED_DEVICE_FAMILY = "1,2";
			};
			name = Release;
		};
		ED6E36692EA6D59C0017A6D2 /* Debug */ = {
			isa = XCBuildConfiguration;
			buildSettings = {
				BUNDLE_LOADER = "$(TEST_HOST)";
				CODE_SIGN_STYLE = Automatic;
				CURRENT_PROJECT_VERSION = 1;
				DEVELOPMENT_TEAM = C9SB8J96X8;
				GENERATE_INFOPLIST_FILE = YES;
				IPHONEOS_DEPLOYMENT_TARGET = 18.2;
				MARKETING_VERSION = 1.0;
				PRODUCT_BUNDLE_IDENTIFIER = com.DuniyarHausawa.HausaKeyboardTests;
				PRODUCT_NAME = "$(TARGET_NAME)";
				SWIFT_EMIT_LOC_STRINGS = NO;
				SWIFT_VERSION = 5.0;
				TARGETED_DEVICE_FAMILY = "1,2";
				TEST_HOST = "$(BUILT_PRODUCTS_DIR)/HausaKeyboard.app/$(BUNDLE_EXECUTABLE_FOLDER_PATH)/HausaKeyboard";
			};
			name = Debug;
		};
		ED6E366A2EA6D59C0017A6D2 /* Release */ = {
			isa = XCBuildConfiguration;
			buildSettings = {
				BUNDLE_LOADER = "$(TEST_HOST)";
				CODE_SIGN_STYLE = Automatic;
				CURRENT_PROJECT_VERSION = 1;
				DEVELOPMENT_TEAM = C9SB8J96X8;
				GENERATE_INFOPLIST_FILE = YES;
				IPHONEOS_DEPLOYMENT_TARGET = 18.2;
				MARKETING_VERSION = 1.0;
				PRODUCT_BUNDLE_IDENTIFIER = com.DuniyarHausawa.HausaKeyboardTests;
				PRODUCT_NAME = "$(TARGET_NAME)";
				SWIFT_EMIT_LOC_STRINGS = NO;
				SWIFT_VERSION = 5.0;
				TARGETED_DEVICE_FAMILY = "1,2";
				TEST_HOST = "$(BUILT_PRODUCTS_DIR)/HausaKeyboard.app/$(BUNDLE_EXECUTABLE_FOLDER_PATH)/HausaKeyboard";
			};
			name = Release;
		};
		ED6E366C2EA6D59C0017A6D2 /* Debug */ = {
			isa = XCBuildConfiguration;
			buildSettings = {
				CODE_SIGN_STYLE = Automatic;
				CURRENT_PROJECT_VERSION = 1;
				DEVELOPMENT_TEAM = C9SB8J96X8;
				GENERATE_INFOPLIST_FILE = YES;
				MARKETING_VERSION = 1.0;
				PRODUCT_BUNDLE_IDENTIFIER = com.DuniyarHausawa.HausaKeyboardUITests;
				PRODUCT_NAME = "$(TARGET_NAME)";
				SWIFT_EMIT_LOC_STRINGS = NO;
				SWIFT_VERSION = 5.0;
				TARGETED_DEVICE_FAMILY = "1,2";
				TEST_TARGET_NAME = HausaKeyboard;
			};
			name = Debug;
		};
		ED6E366D2EA6D59C0017A6D2 /* Release */ = {
			isa = XCBuildConfiguration;
			buildSettings = {
				CODE_SIGN_STYLE = Automatic;
				CURRENT_PROJECT_VERSION = 1;
				DEVELOPMENT_TEAM = C9SB8J96X8;
				GENERATE_INFOPLIST_FILE = YES;
				MARKETING_VERSION = 1.0;
				PRODUCT_BUNDLE_IDENTIFIER = com.DuniyarHausawa.HausaKeyboardUITests;
				PRODUCT_NAME = "$(TARGET_NAME)";
				SWIFT_EMIT_LOC_STRINGS = NO;
				SWIFT_VERSION = 5.0;
				TARGETED_DEVICE_FAMILY = "1,2";
				TEST_TARGET_NAME = HausaKeyboard;
			};
			name = Release;
		};
		ED6E367C2EA6E0680017A6D2 /* Debug */ = {
			isa = XCBuildConfiguration;
			buildSettings = {
				CODE_SIGN_STYLE = Automatic;
				CURRENT_PROJECT_VERSION = 1;
				DEVELOPMENT_TEAM = C9SB8J96X8;
				GENERATE_INFOPLIST_FILE = YES;
				INFOPLIST_FILE = HausaKeyboardExtension/Info.plist;
				INFOPLIST_KEY_CFBundleDisplayName = HausaKeyboardExtension;
				INFOPLIST_KEY_NSHumanReadableCopyright = "";
				LD_RUNPATH_SEARCH_PATHS = (
					"$(inherited)",
					"@executable_path/Frameworks",
					"@executable_path/../../Frameworks",
				);
				MARKETING_VERSION = 1.0;
				PRODUCT_BUNDLE_IDENTIFIER = com.DuniyarHausawa.HausaKeyboard.HausaKeyboardExtension;
				PRODUCT_NAME = "$(TARGET_NAME)";
				SKIP_INSTALL = YES;
				SWIFT_EMIT_LOC_STRINGS = YES;
				SWIFT_VERSION = 5.0;
				TARGETED_DEVICE_FAMILY = "1,2";
			};
			name = Debug;
		};
		ED6E367D2EA6E0680017A6D2 /* Release */ = {
			isa = XCBuildConfiguration;
			buildSettings = {
				CODE_SIGN_STYLE = Automatic;
				CURRENT_PROJECT_VERSION = 1;
				DEVELOPMENT_TEAM = C9SB8J96X8;
				GENERATE_INFOPLIST_FILE = YES;
				INFOPLIST_FILE = HausaKeyboardExtension/Info.plist;
				INFOPLIST_KEY_CFBundleDisplayName = HausaKeyboardExtension;
				INFOPLIST_KEY_NSHumanReadableCopyright = "";
				LD_RUNPATH_SEARCH_PATHS = (
					"$(inherited)",
					"@executable_path/Frameworks",
					"@executable_path/../../Frameworks",
				);
				MARKETING_VERSION = 1.0;
				PRODUCT_BUNDLE_IDENTIFIER = com.DuniyarHausawa.HausaKeyboard.HausaKeyboardExtension;
				PRODUCT_NAME = "$(TARGET_NAME)";
				SKIP_INSTALL = YES;
				SWIFT_EMIT_LOC_STRINGS = YES;
				SWIFT_VERSION = 5.0;
				TARGETED_DEVICE_FAMILY = "1,2";
			};
			name = Release;
		};
/* End XCBuildConfiguration section */

/* Begin XCConfigurationList section */
		ED6E363C2EA6D5970017A6D2 /* Build configuration list for PBXProject "HausaKeyboard" */ = {
			isa = XCConfigurationList;
			buildConfigurations = (
				ED6E36632EA6D59C0017A6D2 /* Debug */,
				ED6E36642EA6D59C0017A6D2 /* Release */,
			);
			defaultConfigurationIsVisible = 0;
			defaultConfigurationName = Release;
		};
		ED6E36652EA6D59C0017A6D2 /* Build configuration list for PBXNativeTarget "HausaKeyboard" */ = {
			isa = XCConfigurationList;
			buildConfigurations = (
				ED6E36662EA6D59C0017A6D2 /* Debug */,
				ED6E36672EA6D59C0017A6D2 /* Release */,
			);
			defaultConfigurationIsVisible = 0;
			defaultConfigurationName = Release;
		};
		ED6E36682EA6D59C0017A6D2 /* Build configuration list for PBXNativeTarget "HausaKeyboardTests" */ = {
			isa = XCConfigurationList;
			buildConfigurations = (
				ED6E36692EA6D59C0017A6D2 /* Debug */,
				ED6E366A2EA6D59C0017A6D2 /* Release */,
			);
			defaultConfigurationIsVisible = 0;
			defaultConfigurationName = Release;
		};
		ED6E366B2EA6D59C0017A6D2 /* Build configuration list for PBXNativeTarget "HausaKeyboardUITests" */ = {
			isa = XCConfigurationList;
			buildConfigurations = (
				ED6E366C2EA6D59C0017A6D2 /* Debug */,
				ED6E366D2EA6D59C0017A6D2 /* Release */,
			);
			defaultConfigurationIsVisible = 0;
			defaultConfigurationName = Release;
		};
		ED6E367B2EA6E0680017A6D2 /* Build configuration list for PBXNativeTarget "HausaKeyboardExtension" */ = {
			isa = XCConfigurationList;
			buildConfigurations = (
				ED6E367C2EA6E0680017A6D2 /* Debug */,
				ED6E367D2EA6E0680017A6D2 /* Release */,
			);
			defaultConfigurationIsVisible = 0;
			defaultConfigurationName = Release;
		};
/* End XCConfigurationList section */
	};
	rootObject = ED6E36392EA6D5970017A6D2 /* Project object */;
}
